
Microsoft Visual Studio Solution File, Format Version 12.00
# Visual Studio Version 16
VisualStudioVersion = 16.0.810.17
MinimumVisualStudioVersion = 10.0.40219.1
Project("{FAE04EC0-301F-11D3-BF4B-00C04F79EFBC}") = "CSHARP", "CSHARP\CSHARP.csproj", "{C2C0CE68-49D3-4342-B605-8587807A8FF9}"
EndProject
Global
	GlobalSection(SolutionConfigurationPlatforms) = preSolution
		Debug|Any CPU = Debug|Any CPU
		Release|Any CPU = Release|Any CPU
	EndGlobalSection
	GlobalSection(ProjectConfigurationPlatforms) = postSolution
		{C2C0CE68-49D3-4342-B605-8587807A8FF9}.Debug|Any CPU.ActiveCfg = Debug|Any CPU
		{C2C0CE68-49D3-4342-B605-8587807A8FF9}.Debug|Any CPU.Build.0 = Debug|Any CPU
		{C2C0CE68-49D3-4342-B605-8587807A8FF9}.Release|Any CPU.ActiveCfg = Release|Any CPU
		{C2C0CE68-49D3-4342-B605-8587807A8FF9}.Release|Any CPU.Build.0 = Release|Any CPU
	EndGlobalSection
	GlobalSection(SolutionProperties) = preSolution
		HideSolutionNode = FALSE
	EndGlobalSection
	GlobalSection(ExtensibilityGlobals) = postSolution
		SolutionGuid = {24D56FFC-805E-4366-A7C2-BCE62875C072}
	EndGlobalSection
EndGlobal
